# Prisma Migrate lockfile v1

20201209043931-init
20201209090220-init
20201209115301-init
20201210052948-init
20201210082600-init
20201210110117-init
20201210114204-init
20201215024957-init
20201215053127-init
20201215063303-init
20201215082359-init
20201215111112-init
20201231070056-init
20201231073420-init
20201231081624-init
20210104023322-init
20210104025547-init
20210104030804-init
20210104031500-init
20210104072525-init
20210104073352-init
20210104083521-init
20210106021534-init
20210106023426-init
20210108082809-init
20210108083015-init
20210113041733-init
20210113110914-init
20210113113251-init
20210113114847-init